<?xml version="1.0" encoding="utf-8"?>
<Project ToolsVersion="4.0" xmlns="http://schemas.microsoft.com/developer/msbuild/2003">
  <ItemGroup>
    <Filter Include="Source Files">
      <UniqueIdentifier>{4FC737F1-C7A5-4376-A066-2A32D752A2FF}</UniqueIdentifier>
      <Extensions>cpp;c;cc;cxx;def;odl;idl;hpj;bat;asm;asmx</Extensions>
    </Filter>
    <Filter Include="Header Files">
      <UniqueIdentifier>{93995380-89BD-4b04-88EB-625FBE52EBFB}</UniqueIdentifier>
      <Extensions>h;hpp;hxx;hm;inl;inc;xsd</Extensions>
    </Filter>
    <Filter Include="Resource Files">
      <UniqueIdentifier>{67DA6AB6-F800-4c08-8B7A-83BB121AAD01}</UniqueIdentifier>
      <Extensions>rc;ico;cur;bmp;dlg;rc2;rct;bin;rgs;gif;jpg;jpeg;jpe;resx;tiff;tif;png;wav;mfcribbon-ms</Extensions>
    </Filter>
    <Filter Include="Link Libraries">
      <UniqueIdentifier>{23064a78-3bcb-49ae-8c90-ed419518885d}</UniqueIdentifier>
    </Filter>
    <Filter Include="Shared">
      <UniqueIdentifier>{8cca1fa3-575c-4e0f-acae-7d4d800be358}</UniqueIdentifier>
    </Filter>
    <Filter Include="Assets">
      <UniqueIdentifier>{f6e7efd6-eb98-43a4-a7e2-d9b78db9bb82}</UniqueIdentifier>
    </Filter>
    <Filter Include="Assets\Shaders">
      <UniqueIdentifier>{ebda1bf9-2fbb-43c3-b649-ab1812c81e5b}</UniqueIdentifier>
    </Filter>
  </ItemGroup>
  <ItemGroup>
    <ClCompile Include="..\shared\lodepng.cpp">
      <Filter>Shared</Filter>
    </ClCompile>
    <ClCompile Include="..\shared\Matrices.cpp">
      <Filter>Shared</Filter>
    </ClCompile>
    <ClCompile Include="..\shared\pathtools.cpp">
      <Filter>Shared</Filter>
    </ClCompile>
    <ClCompile Include="..\shared\strtools.cpp">
      <Filter>Shared</Filter>
    </ClCompile>
    <ClCompile Include="hellovr_dx12_main.cpp">
      <Filter>Source Files</Filter>
    </ClCompile>
  </ItemGroup>
  <ItemGroup>
    <ClInclude Include="..\shared\lodepng.h">
      <Filter>Shared</Filter>
    </ClInclude>
    <ClInclude Include="..\shared\Matrices.h">
      <Filter>Shared</Filter>
    </ClInclude>
    <ClInclude Include="..\shared\Vectors.h">
      <Filter>Shared</Filter>
    </ClInclude>
    <ClInclude Include="..\shared\pathtools.h">
      <Filter>Shared</Filter>
    </ClInclude>
    <ClInclude Include="..\shared\strtools.h">
      <Filter>Shared</Filter>
    </ClInclude>
  </ItemGroup>
  <ItemGroup>
    <FxCompile Include="..\bin\shaders\scene.hlsl">
      <Filter>Assets\Shaders</Filter>
    </FxCompile>
    <FxCompile Include="..\bin\shaders\companion.hlsl">
      <Filter>Assets\Shaders</Filter>
    </FxCompile>
    <FxCompile Include="..\bin\shaders\axes.hlsl">
      <Filter>Assets\Shaders</Filter>
    </FxCompile>
    <FxCompile Include="..\bin\shaders\rendermodel.hlsl">
      <Filter>Assets\Shaders</Filter>
    </FxCompile>
  </ItemGroup>
</Project>