
Microsoft Visual Studio Solution File, Format Version 12.00
# Visual Studio 14
VisualStudioVersion = 14.0.25420.1
MinimumVisualStudioVersion = 10.0.40219.1
Project("{8BC9CEB8-8B4A-11D0-8D11-00A0C91BC942}") = "2DOverlay", "2DOverlay\2DOverlay.vcxproj", "{8B9AE06C-7C64-496F-9D54-677FF2E46272}"
EndProject
Project("{8BC9CEB8-8B4A-11D0-8D11-00A0C91BC942}") = "3DSimple", "3DSimple\3DSimple.vcxproj", "{5EF3DBA1-352B-4811-B541-151B36E409DD}"
EndProject
Project("{8BC9CEB8-8B4A-11D0-8D11-00A0C91BC942}") = "QtTest", "QtTest\QtTest.vcxproj", "{880C7250-B275-4EB7-AEC2-7E791A2EEC6A}"
EndProject
Global
	GlobalSection(SolutionConfigurationPlatforms) = preSolution
		Debug|x64 = Debug|x64
		Debug|x86 = Debug|x86
		Release|x64 = Release|x64
		Release|x86 = Release|x86
	EndGlobalSection
	GlobalSection(ProjectConfigurationPlatforms) = postSolution
		{8B9AE06C-7C64-496F-9D54-677FF2E46272}.Debug|x64.ActiveCfg = Debug|x64
		{8B9AE06C-7C64-496F-9D54-677FF2E46272}.Debug|x64.Build.0 = Debug|x64
		{8B9AE06C-7C64-496F-9D54-677FF2E46272}.Debug|x86.ActiveCfg = Debug|Win32
		{8B9AE06C-7C64-496F-9D54-677FF2E46272}.Debug|x86.Build.0 = Debug|Win32
		{8B9AE06C-7C64-496F-9D54-677FF2E46272}.Release|x64.ActiveCfg = Release|x64
		{8B9AE06C-7C64-496F-9D54-677FF2E46272}.Release|x64.Build.0 = Release|x64
		{8B9AE06C-7C64-496F-9D54-677FF2E46272}.Release|x86.ActiveCfg = Release|Win32
		{8B9AE06C-7C64-496F-9D54-677FF2E46272}.Release|x86.Build.0 = Release|Win32
		{5EF3DBA1-352B-4811-B541-151B36E409DD}.Debug|x64.ActiveCfg = Debug|x64
		{5EF3DBA1-352B-4811-B541-151B36E409DD}.Debug|x64.Build.0 = Debug|x64
		{5EF3DBA1-352B-4811-B541-151B36E409DD}.Debug|x86.ActiveCfg = Debug|Win32
		{5EF3DBA1-352B-4811-B541-151B36E409DD}.Debug|x86.Build.0 = Debug|Win32
		{5EF3DBA1-352B-4811-B541-151B36E409DD}.Release|x64.ActiveCfg = Release|x64
		{5EF3DBA1-352B-4811-B541-151B36E409DD}.Release|x64.Build.0 = Release|x64
		{5EF3DBA1-352B-4811-B541-151B36E409DD}.Release|x86.ActiveCfg = Release|Win32
		{5EF3DBA1-352B-4811-B541-151B36E409DD}.Release|x86.Build.0 = Release|Win32
		{880C7250-B275-4EB7-AEC2-7E791A2EEC6A}.Debug|x64.ActiveCfg = Debug|x64
		{880C7250-B275-4EB7-AEC2-7E791A2EEC6A}.Debug|x64.Build.0 = Debug|x64
		{880C7250-B275-4EB7-AEC2-7E791A2EEC6A}.Debug|x86.ActiveCfg = Debug|Win32
		{880C7250-B275-4EB7-AEC2-7E791A2EEC6A}.Debug|x86.Build.0 = Debug|Win32
		{880C7250-B275-4EB7-AEC2-7E791A2EEC6A}.Release|x64.ActiveCfg = Release|x64
		{880C7250-B275-4EB7-AEC2-7E791A2EEC6A}.Release|x64.Build.0 = Release|x64
		{880C7250-B275-4EB7-AEC2-7E791A2EEC6A}.Release|x86.ActiveCfg = Release|Win32
		{880C7250-B275-4EB7-AEC2-7E791A2EEC6A}.Release|x86.Build.0 = Release|Win32
	EndGlobalSection
	GlobalSection(SolutionProperties) = preSolution
		HideSolutionNode = FALSE
	EndGlobalSection
EndGlobal
